
Microsoft Visual Studio Solution File, Format Version 12.00
# Visual Studio 2013
# UnrealEngineGeneratedSolutionVersion=1.0
Project("{2150E333-8FDC-42A3-9474-1A3956D46DE8}") = "Engine", "Engine", "{79314D5C-5E90-483F-AE60-4FC39B7CB09E}"
EndProject
Project("{2150E333-8FDC-42A3-9474-1A3956D46DE8}") = "Games", "Games", "{65A92DB8-11B5-4542-9590-AB8A54EC2581}"
EndProject
Project("{8BC9CEB8-8B4A-11D0-8D11-00A0C91BC942}") = "UE4", "Intermediate\ProjectFiles\UE4.vcxproj", "{B0266501-7D76-4570-8C10-522D5E891565}"
EndProject
Project("{8BC9CEB8-8B4A-11D0-8D11-00A0C91BC942}") = "ExampleProject", "Intermediate\ProjectFiles\ExampleProject.vcxproj", "{E789E26D-F1A9-4755-82CF-850AB79EDF02}"
EndProject
Global
	GlobalSection(SolutionConfigurationPlatforms) = preSolution
		DebugGame Editor|Win32 = DebugGame Editor|Win32
		DebugGame Editor|Win64 = DebugGame Editor|Win64
		DebugGame|Win32 = DebugGame|Win32
		DebugGame|Win64 = DebugGame|Win64
		Development Editor|Win32 = Development Editor|Win32
		Development Editor|Win64 = Development Editor|Win64
		Development|Win32 = Development|Win32
		Development|Win64 = Development|Win64
		Shipping|Win32 = Shipping|Win32
		Shipping|Win64 = Shipping|Win64
	EndGlobalSection
	GlobalSection(ProjectConfigurationPlatforms) = postSolution
		{E789E26D-F1A9-4755-82CF-850AB79EDF02}.DebugGame Editor|Win32.ActiveCfg = DebugGame_Editor|Win32
		{E789E26D-F1A9-4755-82CF-850AB79EDF02}.DebugGame Editor|Win32.Build.0 = DebugGame_Editor|Win32
		{E789E26D-F1A9-4755-82CF-850AB79EDF02}.DebugGame Editor|Win64.ActiveCfg = DebugGame_Editor|x64
		{E789E26D-F1A9-4755-82CF-850AB79EDF02}.DebugGame Editor|Win64.Build.0 = DebugGame_Editor|x64
		{E789E26D-F1A9-4755-82CF-850AB79EDF02}.DebugGame|Win32.ActiveCfg = DebugGame_Game|Win32
		{E789E26D-F1A9-4755-82CF-850AB79EDF02}.DebugGame|Win32.Build.0 = DebugGame_Game|Win32
		{E789E26D-F1A9-4755-82CF-850AB79EDF02}.DebugGame|Win64.ActiveCfg = DebugGame_Game|x64
		{E789E26D-F1A9-4755-82CF-850AB79EDF02}.DebugGame|Win64.Build.0 = DebugGame_Game|x64
		{E789E26D-F1A9-4755-82CF-850AB79EDF02}.Development Editor|Win32.ActiveCfg = Development_Editor|Win32
		{E789E26D-F1A9-4755-82CF-850AB79EDF02}.Development Editor|Win32.Build.0 = Development_Editor|Win32
		{E789E26D-F1A9-4755-82CF-850AB79EDF02}.Development Editor|Win64.ActiveCfg = Development_Editor|x64
		{E789E26D-F1A9-4755-82CF-850AB79EDF02}.Development Editor|Win64.Build.0 = Development_Editor|x64
		{E789E26D-F1A9-4755-82CF-850AB79EDF02}.Development|Win32.ActiveCfg = Development_Game|Win32
		{E789E26D-F1A9-4755-82CF-850AB79EDF02}.Development|Win32.Build.0 = Development_Game|Win32
		{E789E26D-F1A9-4755-82CF-850AB79EDF02}.Development|Win64.ActiveCfg = Development_Game|x64
		{E789E26D-F1A9-4755-82CF-850AB79EDF02}.Development|Win64.Build.0 = Development_Game|x64
		{E789E26D-F1A9-4755-82CF-850AB79EDF02}.Shipping|Win32.ActiveCfg = Shipping_Game|Win32
		{E789E26D-F1A9-4755-82CF-850AB79EDF02}.Shipping|Win32.Build.0 = Shipping_Game|Win32
		{E789E26D-F1A9-4755-82CF-850AB79EDF02}.Shipping|Win64.ActiveCfg = Shipping_Game|x64
		{E789E26D-F1A9-4755-82CF-850AB79EDF02}.Shipping|Win64.Build.0 = Shipping_Game|x64
	EndGlobalSection
	GlobalSection(SolutionProperties) = preSolution
		HideSolutionNode = FALSE
	EndGlobalSection
	GlobalSection(NestedProjects) = preSolution
		{B0266501-7D76-4570-8C10-522D5E891565} = {79314D5C-5E90-483F-AE60-4FC39B7CB09E}
		{E789E26D-F1A9-4755-82CF-850AB79EDF02} = {65A92DB8-11B5-4542-9590-AB8A54EC2581}
	EndGlobalSection
EndGlobal
